
Microsoft Visual Studio Solution File, Format Version 12.00
# Visual Studio 14
VisualStudioVersion = 14.0.25420.1
MinimumVisualStudioVersion = 10.0.40219.1
Project("{8BC9CEB8-8B4A-11D0-8D11-00A0C91BC942}") = "UpdateRevisionToHeadLibs", "Solution\Solution\UpdateRevisionToHeadLibs\UpdateRevisionToHeadLibs.vcxproj", "{8B29D48C-7FE0-4393-9510-6A179434D9A1}"
EndProject
Project("{2150E333-8FDC-42A3-9474-1A3956D46DE8}") = "Solution", "Solution", "{9BB434A1-9F08-4239-A4E5-DD80D7A16557}"
	ProjectSection(SolutionItems) = preProject
		Solution\Version.hpp = Solution\Version.hpp
	EndProjectSection
EndProject
Project("{2150E333-8FDC-42A3-9474-1A3956D46DE8}") = "UpdateRevisionToHeadLibs", "UpdateRevisionToHeadLibs", "{1FF4CE86-FCA1-4FAF-B80E-1B20FA118665}"
EndProject
Project("{2150E333-8FDC-42A3-9474-1A3956D46DE8}") = "Solution", "Solution", "{27AE1D84-B4F4-470D-BD7B-B2496AE04B79}"
EndProject
Project("{2150E333-8FDC-42A3-9474-1A3956D46DE8}") = "(Documentation)", "(Documentation)", "{E6C2CA52-DBBA-4FE9-8298-3BEE20A89A50}"
	ProjectSection(SolutionItems) = preProject
		Solution\Solution\(Documentation)\MainPage.hpp = Solution\Solution\(Documentation)\MainPage.hpp
		Solution\Solution\(Documentation)\SolutionPage.hpp = Solution\Solution\(Documentation)\SolutionPage.hpp
		Solution\Solution\(Documentation)\Title.png = Solution\Solution\(Documentation)\Title.png
	EndProjectSection
EndProject
Global
	GlobalSection(SolutionConfigurationPlatforms) = preSolution
		Debug|ARM = Debug|ARM
		Debug|Win32 = Debug|Win32
		Debug|x64 = Debug|x64
		Release|ARM = Release|ARM
		Release|Win32 = Release|Win32
		Release|x64 = Release|x64
	EndGlobalSection
	GlobalSection(ProjectConfigurationPlatforms) = postSolution
		{8B29D48C-7FE0-4393-9510-6A179434D9A1}.Debug|ARM.ActiveCfg = Debug|ARM
		{8B29D48C-7FE0-4393-9510-6A179434D9A1}.Debug|ARM.Build.0 = Debug|ARM
		{8B29D48C-7FE0-4393-9510-6A179434D9A1}.Debug|Win32.ActiveCfg = Debug|Win32
		{8B29D48C-7FE0-4393-9510-6A179434D9A1}.Debug|Win32.Build.0 = Debug|Win32
		{8B29D48C-7FE0-4393-9510-6A179434D9A1}.Debug|x64.ActiveCfg = Debug|x64
		{8B29D48C-7FE0-4393-9510-6A179434D9A1}.Debug|x64.Build.0 = Debug|x64
		{8B29D48C-7FE0-4393-9510-6A179434D9A1}.Release|ARM.ActiveCfg = Release|ARM
		{8B29D48C-7FE0-4393-9510-6A179434D9A1}.Release|ARM.Build.0 = Release|ARM
		{8B29D48C-7FE0-4393-9510-6A179434D9A1}.Release|Win32.ActiveCfg = Release|Win32
		{8B29D48C-7FE0-4393-9510-6A179434D9A1}.Release|Win32.Build.0 = Release|Win32
		{8B29D48C-7FE0-4393-9510-6A179434D9A1}.Release|x64.ActiveCfg = Release|Win32
		{8B29D48C-7FE0-4393-9510-6A179434D9A1}.Release|x64.Build.0 = Release|Win32
	EndGlobalSection
	GlobalSection(SolutionProperties) = preSolution
		HideSolutionNode = FALSE
	EndGlobalSection
	GlobalSection(NestedProjects) = preSolution
		{8B29D48C-7FE0-4393-9510-6A179434D9A1} = {1FF4CE86-FCA1-4FAF-B80E-1B20FA118665}
		{1FF4CE86-FCA1-4FAF-B80E-1B20FA118665} = {27AE1D84-B4F4-470D-BD7B-B2496AE04B79}
		{27AE1D84-B4F4-470D-BD7B-B2496AE04B79} = {9BB434A1-9F08-4239-A4E5-DD80D7A16557}
		{E6C2CA52-DBBA-4FE9-8298-3BEE20A89A50} = {27AE1D84-B4F4-470D-BD7B-B2496AE04B79}
	EndGlobalSection
EndGlobal
